
Microsoft Visual Studio Solution File, Format Version 12.00
# Visual Studio 15
VisualStudioVersion = 15.0.28307.136
MinimumVisualStudioVersion = 10.0.40219.1
Project("{9A19103F-16F7-4668-BE54-9A1E7A4F7556}") = "RecipeProjectEntity", "RecipeProjectEntity\RecipeProjectEntity.csproj", "{01047F17-A979-4356-8C80-3996E810F623}"
EndProject
Project("{9A19103F-16F7-4668-BE54-9A1E7A4F7556}") = "RecipeProjectDal", "RecipeProjectDal\RecipeProjectDal.csproj", "{785B6D08-CE0B-4944-A788-D202E8EEAEA1}"
EndProject
Project("{9A19103F-16F7-4668-BE54-9A1E7A4F7556}") = "WebApi", "WebApi\WebApi.csproj", "{2C092A80-D519-4558-A71A-AE7689F6D610}"
EndProject
Global
	GlobalSection(SolutionConfigurationPlatforms) = preSolution
		Debug|Any CPU = Debug|Any CPU
		Release|Any CPU = Release|Any CPU
	EndGlobalSection
	GlobalSection(ProjectConfigurationPlatforms) = postSolution
		{01047F17-A979-4356-8C80-3996E810F623}.Debug|Any CPU.ActiveCfg = Debug|Any CPU
		{01047F17-A979-4356-8C80-3996E810F623}.Debug|Any CPU.Build.0 = Debug|Any CPU
		{01047F17-A979-4356-8C80-3996E810F623}.Release|Any CPU.ActiveCfg = Release|Any CPU
		{01047F17-A979-4356-8C80-3996E810F623}.Release|Any CPU.Build.0 = Release|Any CPU
		{785B6D08-CE0B-4944-A788-D202E8EEAEA1}.Debug|Any CPU.ActiveCfg = Debug|Any CPU
		{785B6D08-CE0B-4944-A788-D202E8EEAEA1}.Debug|Any CPU.Build.0 = Debug|Any CPU
		{785B6D08-CE0B-4944-A788-D202E8EEAEA1}.Release|Any CPU.ActiveCfg = Release|Any CPU
		{785B6D08-CE0B-4944-A788-D202E8EEAEA1}.Release|Any CPU.Build.0 = Release|Any CPU
		{2C092A80-D519-4558-A71A-AE7689F6D610}.Debug|Any CPU.ActiveCfg = Debug|Any CPU
		{2C092A80-D519-4558-A71A-AE7689F6D610}.Debug|Any CPU.Build.0 = Debug|Any CPU
		{2C092A80-D519-4558-A71A-AE7689F6D610}.Release|Any CPU.ActiveCfg = Release|Any CPU
		{2C092A80-D519-4558-A71A-AE7689F6D610}.Release|Any CPU.Build.0 = Release|Any CPU
	EndGlobalSection
	GlobalSection(SolutionProperties) = preSolution
		HideSolutionNode = FALSE
	EndGlobalSection
	GlobalSection(ExtensibilityGlobals) = postSolution
		SolutionGuid = {A9A97F65-FBBE-472E-BB50-B9C5AFEB24B7}
	EndGlobalSection
EndGlobal
